
Microsoft Visual Studio Solution File, Format Version 12.00
# Visual Studio Version 17
VisualStudioVersion = 17.6.33723.286
MinimumVisualStudioVersion = 10.0.40219.1
Project("{FAE04EC0-301F-11D3-BF4B-00C04F79EFBC}") = "Testing", "Testing.csproj", "{56554475-C4BD-431B-A9D9-111419A818A1}"
EndProject
Project("{FAE04EC0-301F-11D3-BF4B-00C04F79EFBC}") = "Testing.BLL", "..\Testing.BLL\Testing.BLL.csproj", "{2A7ACC6F-DDAC-4A33-BDCB-E9842662B187}"
EndProject
Project("{FAE04EC0-301F-11D3-BF4B-00C04F79EFBC}") = "Testing.BLL.Test", "..\Testing.BLL.Test\Testing.BLL.Test.csproj", "{2659E137-D63A-411C-BB62-86F0BBF55707}"
EndProject
Global
	GlobalSection(SolutionConfigurationPlatforms) = preSolution
		Debug|Any CPU = Debug|Any CPU
		Release|Any CPU = Release|Any CPU
	EndGlobalSection
	GlobalSection(ProjectConfigurationPlatforms) = postSolution
		{56554475-C4BD-431B-A9D9-111419A818A1}.Debug|Any CPU.ActiveCfg = Debug|Any CPU
		{56554475-C4BD-431B-A9D9-111419A818A1}.Debug|Any CPU.Build.0 = Debug|Any CPU
		{56554475-C4BD-431B-A9D9-111419A818A1}.Release|Any CPU.ActiveCfg = Release|Any CPU
		{56554475-C4BD-431B-A9D9-111419A818A1}.Release|Any CPU.Build.0 = Release|Any CPU
		{2A7ACC6F-DDAC-4A33-BDCB-E9842662B187}.Debug|Any CPU.ActiveCfg = Debug|Any CPU
		{2A7ACC6F-DDAC-4A33-BDCB-E9842662B187}.Debug|Any CPU.Build.0 = Debug|Any CPU
		{2A7ACC6F-DDAC-4A33-BDCB-E9842662B187}.Release|Any CPU.ActiveCfg = Release|Any CPU
		{2A7ACC6F-DDAC-4A33-BDCB-E9842662B187}.Release|Any CPU.Build.0 = Release|Any CPU
		{2659E137-D63A-411C-BB62-86F0BBF55707}.Debug|Any CPU.ActiveCfg = Debug|Any CPU
		{2659E137-D63A-411C-BB62-86F0BBF55707}.Debug|Any CPU.Build.0 = Debug|Any CPU
		{2659E137-D63A-411C-BB62-86F0BBF55707}.Release|Any CPU.ActiveCfg = Release|Any CPU
		{2659E137-D63A-411C-BB62-86F0BBF55707}.Release|Any CPU.Build.0 = Release|Any CPU
	EndGlobalSection
	GlobalSection(SolutionProperties) = preSolution
		HideSolutionNode = FALSE
	EndGlobalSection
	GlobalSection(ExtensibilityGlobals) = postSolution
		SolutionGuid = {EAEE17B6-F98B-467A-BA03-8114A7AB1127}
	EndGlobalSection
EndGlobal
